
Microsoft Visual Studio Solution File, Format Version 12.00
# Visual Studio Version 16
VisualStudioVersion = 16.0.31624.102
MinimumVisualStudioVersion = 10.0.40219.1
Project("{FAE04EC0-301F-11D3-BF4B-00C04F79EFBC}") = "WebTest2", "WebTest2\WebTest2.csproj", "{69B966C8-8207-483B-9095-6DDA63923357}"
EndProject
Global
	GlobalSection(SolutionConfigurationPlatforms) = preSolution
		Debug|Any CPU = Debug|Any CPU
		Release|Any CPU = Release|Any CPU
	EndGlobalSection
	GlobalSection(ProjectConfigurationPlatforms) = postSolution
		{69B966C8-8207-483B-9095-6DDA63923357}.Debug|Any CPU.ActiveCfg = Debug|Any CPU
		{69B966C8-8207-483B-9095-6DDA63923357}.Debug|Any CPU.Build.0 = Debug|Any CPU
		{69B966C8-8207-483B-9095-6DDA63923357}.Release|Any CPU.ActiveCfg = Release|Any CPU
		{69B966C8-8207-483B-9095-6DDA63923357}.Release|Any CPU.Build.0 = Release|Any CPU
	EndGlobalSection
	GlobalSection(SolutionProperties) = preSolution
		HideSolutionNode = FALSE
	EndGlobalSection
	GlobalSection(ExtensibilityGlobals) = postSolution
		SolutionGuid = {5BF6A1D6-EF95-4337-99BC-4D3BA9403F0B}
	EndGlobalSection
EndGlobal
